// !$*UTF8*$!
{
	archiveVersion = 1;
	classes = {
	};
	objectVersion = 48;
	objects = {

/* Begin PBXBuildFile section */
		4C0DC5BF201BAF5E00F168A5 /* AppDelegate.swift in Sources */ = {isa = PBXBuildFile; fileRef = 4C0DC5BE201BAF5E00F168A5 /* AppDelegate.swift */; };
		4C0DC5C1201BAF5E00F168A5 /* ViewController.swift in Sources */ = {isa = PBXBuildFile; fileRef = 4C0DC5C0201BAF5E00F168A5 /* ViewController.swift */; };
		4C0DC5C6201BAF5E00F168A5 /* Assets.xcassets in Resources */ = {isa = PBXBuildFile; fileRef = 4C0DC5C5201BAF5E00F168A5 /* Assets.xcassets */; };
		4C0DC5D2201BAFD700F168A5 /* opencv2.framework in Frameworks */ = {isa = PBXBuildFile; fileRef = 4C0DC5D1201BAFCA00F168A5 /* opencv2.framework */; };
		4C0DC5D4201BB10800F168A5 /* CameraViewController.swift in Sources */ = {isa = PBXBuildFile; fileRef = 4C0DC5D3201BB10800F168A5 /* CameraViewController.swift */; };
		4C1539E920235BC600D8DF36 /* BestImageViewController.swift in Sources */ = {isa = PBXBuildFile; fileRef = 4C1539E820235BC600D8DF36 /* BestImageViewController.swift */; };
		4C163E70201C96F900488ADC /* OpencvViewController.mm in Sources */ = {isa = PBXBuildFile; fileRef = 4C163E6F201C96F900488ADC /* OpencvViewController.mm */; };
		4C163E90201C9F2000488ADC /* Main.storyboard in Resources */ = {isa = PBXBuildFile; fileRef = 4C163E8E201C9F1C00488ADC /* Main.storyboard */; };
		4C163E91201C9F2200488ADC /* LaunchScreen.storyboard in Resources */ = {isa = PBXBuildFile; fileRef = 4C163E8C201C9F1C00488ADC /* LaunchScreen.storyboard */; };
		4C2DBAEB2021948400837EBE /* MobileNet.mlmodel in Sources */ = {isa = PBXBuildFile; fileRef = 4C2DBAEA2021948400837EBE /* MobileNet.mlmodel */; };
		4C2DBAED2021EC7D00837EBE /* SqueezeNet.mlmodel in Sources */ = {isa = PBXBuildFile; fileRef = 4C2DBAEC2021EC7D00837EBE /* SqueezeNet.mlmodel */; };
		4C2DBAEF2021ED0200837EBE /* GoogLeNetPlaces.mlmodel in Sources */ = {isa = PBXBuildFile; fileRef = 4C2DBAEE2021ED0200837EBE /* GoogLeNetPlaces.mlmodel */; };
		4C2DBAF12021EDEA00837EBE /* Inceptionv3.mlmodel in Sources */ = {isa = PBXBuildFile; fileRef = 4C2DBAF02021EDE900837EBE /* Inceptionv3.mlmodel */; };
		4C2DBAF32022001A00837EBE /* Resnet50.mlmodel in Sources */ = {isa = PBXBuildFile; fileRef = 4C2DBAF22022001900837EBE /* Resnet50.mlmodel */; };
		4C357A3D201F6CCD00304698 /* PickerViewDataSource.swift in Sources */ = {isa = PBXBuildFile; fileRef = 4C357A3C201F6CCD00304698 /* PickerViewDataSource.swift */; };
/* End PBXBuildFile section */

/* Begin PBXFileReference section */
		4C0DC5BB201BAF5E00F168A5 /* DemoCoreML.app */ = {isa = PBXFileReference; explicitFileType = wrapper.application; includeInIndex = 0; path = DemoCoreML.app; sourceTree = BUILT_PRODUCTS_DIR; };
		4C0DC5BE201BAF5E00F168A5 /* AppDelegate.swift */ = {isa = PBXFileReference; lastKnownFileType = sourcecode.swift; path = AppDelegate.swift; sourceTree = "<group>"; };
		4C0DC5C0201BAF5E00F168A5 /* ViewController.swift */ = {isa = PBXFileReference; lastKnownFileType = sourcecode.swift; path = ViewController.swift; sourceTree = "<group>"; };
		4C0DC5C5201BAF5E00F168A5 /* Assets.xcassets */ = {isa = PBXFileReference; lastKnownFileType = folder.assetcatalog; path = Assets.xcassets; sourceTree = "<group>"; };
		4C0DC5CA201BAF5E00F168A5 /* Info.plist */ = {isa = PBXFileReference; lastKnownFileType = text.plist.xml; path = Info.plist; sourceTree = "<group>"; };
		4C0DC5D1201BAFCA00F168A5 /* opencv2.framework */ = {isa = PBXFileReference; lastKnownFileType = wrapper.framework; path = opencv2.framework; sourceTree = "<group>"; };
		4C0DC5D3201BB10800F168A5 /* CameraViewController.swift */ = {isa = PBXFileReference; lastKnownFileType = sourcecode.swift; path = CameraViewController.swift; sourceTree = "<group>"; };
		4C1539E820235BC600D8DF36 /* BestImageViewController.swift */ = {isa = PBXFileReference; lastKnownFileType = sourcecode.swift; path = BestImageViewController.swift; sourceTree = "<group>"; };
		4C163E6D201C96F800488ADC /* DemoCoreML-Bridging-Header.h */ = {isa = PBXFileReference; lastKnownFileType = sourcecode.c.h; path = "DemoCoreML-Bridging-Header.h"; sourceTree = "<group>"; };
		4C163E6E201C96F900488ADC /* OpencvViewController.h */ = {isa = PBXFileReference; lastKnownFileType = sourcecode.c.h; path = OpencvViewController.h; sourceTree = "<group>"; };
		4C163E6F201C96F900488ADC /* OpencvViewController.mm */ = {isa = PBXFileReference; lastKnownFileType = sourcecode.cpp.objcpp; path = OpencvViewController.mm; sourceTree = "<group>"; };
		4C163E8D201C9F1C00488ADC /* Base */ = {isa = PBXFileReference; lastKnownFileType = file.storyboard; name = Base; path = Base.lproj/LaunchScreen.storyboard; sourceTree = "<group>"; };
		4C163E8F201C9F1C00488ADC /* Base */ = {isa = PBXFileReference; lastKnownFileType = file.storyboard; name = Base; path = Base.lproj/Main.storyboard; sourceTree = "<group>"; };
		4C2DBAEA2021948400837EBE /* MobileNet.mlmodel */ = {isa = PBXFileReference; lastKnownFileType = file.mlmodel; path = MobileNet.mlmodel; sourceTree = "<group>"; };
		4C2DBAEC2021EC7D00837EBE /* SqueezeNet.mlmodel */ = {isa = PBXFileReference; lastKnownFileType = file.mlmodel; path = SqueezeNet.mlmodel; sourceTree = "<group>"; };
		4C2DBAEE2021ED0200837EBE /* GoogLeNetPlaces.mlmodel */ = {isa = PBXFileReference; lastKnownFileType = file.mlmodel; path = GoogLeNetPlaces.mlmodel; sourceTree = "<group>"; };
		4C2DBAF02021EDE900837EBE /* Inceptionv3.mlmodel */ = {isa = PBXFileReference; lastKnownFileType = file.mlmodel; path = Inceptionv3.mlmodel; sourceTree = "<group>"; };
		4C2DBAF22022001900837EBE /* Resnet50.mlmodel */ = {isa = PBXFileReference; lastKnownFileType = file.mlmodel; path = Resnet50.mlmodel; sourceTree = "<group>"; };
		4C357A3C201F6CCD00304698 /* PickerViewDataSource.swift */ = {isa = PBXFileReference; lastKnownFileType = sourcecode.swift; path = PickerViewDataSource.swift; sourceTree = "<group>"; };
/* End PBXFileReference section */

/* Begin PBXFrameworksBuildPhase section */
		4C0DC5B8201BAF5E00F168A5 /* Frameworks */ = {
			isa = PBXFrameworksBuildPhase;
			buildActionMask = 2147483647;
			files = (
				4C0DC5D2201BAFD700F168A5 /* opencv2.framework in Frameworks */,
			);
			runOnlyForDeploymentPostprocessing = 0;
		};
/* End PBXFrameworksBuildPhase section */

/* Begin PBXGroup section */
		4C0DC5B2201BAF5E00F168A5 = {
			isa = PBXGroup;
			children = (
				4C2DBAE92021920800837EBE /* Model */,
				4C0DC5D0201BAFA700F168A5 /* Framework */,
				4C0DC5BD201BAF5E00F168A5 /* DemoCoreML */,
				4C0DC5BC201BAF5E00F168A5 /* Products */,
			);
			sourceTree = "<group>";
		};
		4C0DC5BC201BAF5E00F168A5 /* Products */ = {
			isa = PBXGroup;
			children = (
				4C0DC5BB201BAF5E00F168A5 /* DemoCoreML.app */,
			);
			name = Products;
			sourceTree = "<group>";
		};
		4C0DC5BD201BAF5E00F168A5 /* DemoCoreML */ = {
			isa = PBXGroup;
			children = (
				4C0DC5BE201BAF5E00F168A5 /* AppDelegate.swift */,
				4C0DC5C0201BAF5E00F168A5 /* ViewController.swift */,
				4C0DC5D3201BB10800F168A5 /* CameraViewController.swift */,
				4C357A3C201F6CCD00304698 /* PickerViewDataSource.swift */,
				4C1539E820235BC600D8DF36 /* BestImageViewController.swift */,
				4C163E6D201C96F800488ADC /* DemoCoreML-Bridging-Header.h */,
				4C163E6E201C96F900488ADC /* OpencvViewController.h */,
				4C163E6F201C96F900488ADC /* OpencvViewController.mm */,
				4C163E8B201C9EFA00488ADC /* Resources */,
			);
			path = DemoCoreML;
			sourceTree = "<group>";
		};
		4C0DC5D0201BAFA700F168A5 /* Framework */ = {
			isa = PBXGroup;
			children = (
				4C0DC5D1201BAFCA00F168A5 /* opencv2.framework */,
			);
			path = Framework;
			sourceTree = "<group>";
		};
		4C163E8B201C9EFA00488ADC /* Resources */ = {
			isa = PBXGroup;
			children = (
				4C163E8C201C9F1C00488ADC /* LaunchScreen.storyboard */,
				4C163E8E201C9F1C00488ADC /* Main.storyboard */,
				4C0DC5C5201BAF5E00F168A5 /* Assets.xcassets */,
				4C0DC5CA201BAF5E00F168A5 /* Info.plist */,
			);
			name = Resources;
			sourceTree = "<group>";
		};
		4C2DBAE92021920800837EBE /* Model */ = {
			isa = PBXGroup;
			children = (
				4C2DBAEA2021948400837EBE /* MobileNet.mlmodel */,
				4C2DBAEC2021EC7D00837EBE /* SqueezeNet.mlmodel */,
				4C2DBAEE2021ED0200837EBE /* GoogLeNetPlaces.mlmodel */,
				4C2DBAF02021EDE900837EBE /* Inceptionv3.mlmodel */,
				4C2DBAF22022001900837EBE /* Resnet50.mlmodel */,
			);
			path = Model;
			sourceTree = "<group>";
		};
/* End PBXGroup section */

/* Begin PBXNativeTarget section */
		4C0DC5BA201BAF5E00F168A5 /* DemoCoreML */ = {
			isa = PBXNativeTarget;
			buildConfigurationList = 4C0DC5CD201BAF5E00F168A5 /* Build configuration list for PBXNativeTarget "DemoCoreML" */;
			buildPhases = (
				4C0DC5B7201BAF5E00F168A5 /* Sources */,
				4C0DC5B8201BAF5E00F168A5 /* Frameworks */,
				4C0DC5B9201BAF5E00F168A5 /* Resources */,
			);
			buildRules = (
			);
			dependencies = (
			);
			name = DemoCoreML;
			productName = DemoCoreML;
			productReference = 4C0DC5BB201BAF5E00F168A5 /* DemoCoreML.app */;
			productType = "com.apple.product-type.application";
		};
/* End PBXNativeTarget section */

/* Begin PBXProject section */
		4C0DC5B3201BAF5E00F168A5 /* Project object */ = {
			isa = PBXProject;
			attributes = {
				LastSwiftUpdateCheck = 0900;
				LastUpgradeCheck = 0900;
				ORGANIZATIONNAME = "FiDensity Inc.";
				TargetAttributes = {
					4C0DC5BA201BAF5E00F168A5 = {
						CreatedOnToolsVersion = 9.0;
						LastSwiftMigration = 0900;
					};
				};
			};
			buildConfigurationList = 4C0DC5B6201BAF5E00F168A5 /* Build configuration list for PBXProject "DemoCoreML" */;
			compatibilityVersion = "Xcode 8.0";
			developmentRegion = en;
			hasScannedForEncodings = 0;
			knownRegions = (
				en,
				Base,
			);
			mainGroup = 4C0DC5B2201BAF5E00F168A5;
			productRefGroup = 4C0DC5BC201BAF5E00F168A5 /* Products */;
			projectDirPath = "";
			projectRoot = "";
			targets = (
				4C0DC5BA201BAF5E00F168A5 /* DemoCoreML */,
			);
		};
/* End PBXProject section */

/* Begin PBXResourcesBuildPhase section */
		4C0DC5B9201BAF5E00F168A5 /* Resources */ = {
			isa = PBXResourcesBuildPhase;
			buildActionMask = 2147483647;
			files = (
				4C163E91201C9F2200488ADC /* LaunchScreen.storyboard in Resources */,
				4C0DC5C6201BAF5E00F168A5 /* Assets.xcassets in Resources */,
				4C163E90201C9F2000488ADC /* Main.storyboard in Resources */,
			);
			runOnlyForDeploymentPostprocessing = 0;
		};
/* End PBXResourcesBuildPhase section */

/* Begin PBXSourcesBuildPhase section */
		4C0DC5B7201BAF5E00F168A5 /* Sources */ = {
			isa = PBXSourcesBuildPhase;
			buildActionMask = 2147483647;
			files = (
				4C2DBAF32022001A00837EBE /* Resnet50.mlmodel in Sources */,
				4C0DC5C1201BAF5E00F168A5 /* ViewController.swift in Sources */,
				4C2DBAF12021EDEA00837EBE /* Inceptionv3.mlmodel in Sources */,
				4C357A3D201F6CCD00304698 /* PickerViewDataSource.swift in Sources */,
				4C2DBAEB2021948400837EBE /* MobileNet.mlmodel in Sources */,
				4C2DBAEF2021ED0200837EBE /* GoogLeNetPlaces.mlmodel in Sources */,
				4C2DBAED2021EC7D00837EBE /* SqueezeNet.mlmodel in Sources */,
				4C0DC5BF201BAF5E00F168A5 /* AppDelegate.swift in Sources */,
				4C0DC5D4201BB10800F168A5 /* CameraViewController.swift in Sources */,
				4C163E70201C96F900488ADC /* OpencvViewController.mm in Sources */,
				4C1539E920235BC600D8DF36 /* BestImageViewController.swift in Sources */,
			);
			runOnlyForDeploymentPostprocessing = 0;
		};
/* End PBXSourcesBuildPhase section */

/* Begin PBXVariantGroup section */
		4C163E8C201C9F1C00488ADC /* LaunchScreen.storyboard */ = {
			isa = PBXVariantGroup;
			children = (
				4C163E8D201C9F1C00488ADC /* Base */,
			);
			name = LaunchScreen.storyboard;
			sourceTree = "<group>";
		};
		4C163E8E201C9F1C00488ADC /* Main.storyboard */ = {
			isa = PBXVariantGroup;
			children = (
				4C163E8F201C9F1C00488ADC /* Base */,
			);
			name = Main.storyboard;
			sourceTree = "<group>";
		};
/* End PBXVariantGroup section */

/* Begin XCBuildConfiguration section */
		4C0DC5CB201BAF5E00F168A5 /* Debug */ = {
			isa = XCBuildConfiguration;
			buildSettings = {
				ALWAYS_SEARCH_USER_PATHS = NO;
				CLANG_ANALYZER_NONNULL = YES;
				CLANG_ANALYZER_NUMBER_OBJECT_CONVERSION = YES_AGGRESSIVE;
				CLANG_CXX_LANGUAGE_STANDARD = "gnu++14";
				CLANG_CXX_LIBRARY = "libc++";
				CLANG_ENABLE_MODULES = YES;
				CLANG_ENABLE_OBJC_ARC = YES;
				CLANG_WARN_BLOCK_CAPTURE_AUTORELEASING = YES;
				CLANG_WARN_BOOL_CONVERSION = YES;
				CLANG_WARN_COMMA = YES;
				CLANG_WARN_CONSTANT_CONVERSION = YES;
				CLANG_WARN_DIRECT_OBJC_ISA_USAGE = YES_ERROR;
				CLANG_WARN_DOCUMENTATION_COMMENTS = YES;
				CLANG_WARN_EMPTY_BODY = YES;
				CLANG_WARN_ENUM_CONVERSION = YES;
				CLANG_WARN_INFINITE_RECURSION = YES;
				CLANG_WARN_INT_CONVERSION = YES;
				CLANG_WARN_NON_LITERAL_NULL_CONVERSION = YES;
				CLANG_WARN_OBJC_LITERAL_CONVERSION = YES;
				CLANG_WARN_OBJC_ROOT_CLASS = YES_ERROR;
				CLANG_WARN_RANGE_LOOP_ANALYSIS = YES;
				CLANG_WARN_STRICT_PROTOTYPES = YES;
				CLANG_WARN_SUSPICIOUS_MOVE = YES;
				CLANG_WARN_UNGUARDED_AVAILABILITY = YES_AGGRESSIVE;
				CLANG_WARN_UNREACHABLE_CODE = YES;
				CLANG_WARN__DUPLICATE_METHOD_MATCH = YES;
				CODE_SIGN_IDENTITY = "iPhone Developer";
				COPY_PHASE_STRIP = NO;
				DEBUG_INFORMATION_FORMAT = dwarf;
				ENABLE_STRICT_OBJC_MSGSEND = YES;
				ENABLE_TESTABILITY = YES;
				GCC_C_LANGUAGE_STANDARD = gnu11;
				GCC_DYNAMIC_NO_PIC = NO;
				GCC_NO_COMMON_BLOCKS = YES;
				GCC_OPTIMIZATION_LEVEL = 0;
				GCC_PREPROCESSOR_DEFINITIONS = (
					"DEBUG=1",
					"$(inherited)",
				);
				GCC_WARN_64_TO_32_BIT_CONVERSION = YES;
				GCC_WARN_ABOUT_RETURN_TYPE = YES_ERROR;
				GCC_WARN_UNDECLARED_SELECTOR = YES;
				GCC_WARN_UNINITIALIZED_AUTOS = YES_AGGRESSIVE;
				GCC_WARN_UNUSED_FUNCTION = YES;
				GCC_WARN_UNUSED_VARIABLE = YES;
				IPHONEOS_DEPLOYMENT_TARGET = 11.0;
				MTL_ENABLE_DEBUG_INFO = YES;
				ONLY_ACTIVE_ARCH = YES;
				SDKROOT = iphoneos;
				SWIFT_ACTIVE_COMPILATION_CONDITIONS = DEBUG;
				SWIFT_OPTIMIZATION_LEVEL = "-Onone";
			};
			name = Debug;
		};
		4C0DC5CC201BAF5E00F168A5 /* Release */ = {
			isa = XCBuildConfiguration;
			buildSettings = {
				ALWAYS_SEARCH_USER_PATHS = NO;
				CLANG_ANALYZER_NONNULL = YES;
				CLANG_ANALYZER_NUMBER_OBJECT_CONVERSION = YES_AGGRESSIVE;
				CLANG_CXX_LANGUAGE_STANDARD = "gnu++14";
				CLANG_CXX_LIBRARY = "libc++";
				CLANG_ENABLE_MODULES = YES;
				CLANG_ENABLE_OBJC_ARC = YES;
				CLANG_WARN_BLOCK_CAPTURE_AUTORELEASING = YES;
				CLANG_WARN_BOOL_CONVERSION = YES;
				CLANG_WARN_COMMA = YES;
				CLANG_WARN_CONSTANT_CONVERSION = YES;
				CLANG_WARN_DIRECT_OBJC_ISA_USAGE = YES_ERROR;
				CLANG_WARN_DOCUMENTATION_COMMENTS = YES;
				CLANG_WARN_EMPTY_BODY = YES;
				CLANG_WARN_ENUM_CONVERSION = YES;
				CLANG_WARN_INFINITE_RECURSION = YES;
				CLANG_WARN_INT_CONVERSION = YES;
				CLANG_WARN_NON_LITERAL_NULL_CONVERSION = YES;
				CLANG_WARN_OBJC_LITERAL_CONVERSION = YES;
				CLANG_WARN_OBJC_ROOT_CLASS = YES_ERROR;
				CLANG_WARN_RANGE_LOOP_ANALYSIS = YES;
				CLANG_WARN_STRICT_PROTOTYPES = YES;
				CLANG_WARN_SUSPICIOUS_MOVE = YES;
				CLANG_WARN_UNGUARDED_AVAILABILITY = YES_AGGRESSIVE;
				CLANG_WARN_UNREACHABLE_CODE = YES;
				CLANG_WARN__DUPLICATE_METHOD_MATCH = YES;
				CODE_SIGN_IDENTITY = "iPhone Developer";
				COPY_PHASE_STRIP = NO;
				DEBUG_INFORMATION_FORMAT = "dwarf-with-dsym";
				ENABLE_NS_ASSERTIONS = NO;
				ENABLE_STRICT_OBJC_MSGSEND = YES;
				GCC_C_LANGUAGE_STANDARD = gnu11;
				GCC_NO_COMMON_BLOCKS = YES;
				GCC_WARN_64_TO_32_BIT_CONVERSION = YES;
				GCC_WARN_ABOUT_RETURN_TYPE = YES_ERROR;
				GCC_WARN_UNDECLARED_SELECTOR = YES;
				GCC_WARN_UNINITIALIZED_AUTOS = YES_AGGRESSIVE;
				GCC_WARN_UNUSED_FUNCTION = YES;
				GCC_WARN_UNUSED_VARIABLE = YES;
				IPHONEOS_DEPLOYMENT_TARGET = 11.0;
				MTL_ENABLE_DEBUG_INFO = NO;
				SDKROOT = iphoneos;
				SWIFT_OPTIMIZATION_LEVEL = "-Owholemodule";
				VALIDATE_PRODUCT = YES;
			};
			name = Release;
		};
		4C0DC5CE201BAF5E00F168A5 /* Debug */ = {
			isa = XCBuildConfiguration;
			buildSettings = {
				ASSETCATALOG_COMPILER_APPICON_NAME = AppIcon;
				CLANG_ENABLE_MODULES = YES;
				DEVELOPMENT_TEAM = 89AFXY66P3;
				FRAMEWORK_SEARCH_PATHS = (
					"$(inherited)",
					"$(PROJECT_DIR)/Framework",
				);
				INFOPLIST_FILE = DemoCoreML/Info.plist;
				IPHONEOS_DEPLOYMENT_TARGET = 11.0;
				LD_RUNPATH_SEARCH_PATHS = "$(inherited) @executable_path/Frameworks";
				PRODUCT_BUNDLE_IDENTIFIER = com.daoshml.DemoCoreML;
				PRODUCT_NAME = "$(TARGET_NAME)";
				SWIFT_OBJC_BRIDGING_HEADER = "DemoCoreML/DemoCoreML-Bridging-Header.h";
				SWIFT_OPTIMIZATION_LEVEL = "-Onone";
				SWIFT_VERSION = 4.0;
				TARGETED_DEVICE_FAMILY = "1,2";
			};
			name = Debug;
		};
		4C0DC5CF201BAF5E00F168A5 /* Release */ = {
			isa = XCBuildConfiguration;
			buildSettings = {
				ASSETCATALOG_COMPILER_APPICON_NAME = AppIcon;
				CLANG_ENABLE_MODULES = YES;
				DEVELOPMENT_TEAM = 89AFXY66P3;
				FRAMEWORK_SEARCH_PATHS = (
					"$(inherited)",
					"$(PROJECT_DIR)/Framework",
				);
				INFOPLIST_FILE = DemoCoreML/Info.plist;
				IPHONEOS_DEPLOYMENT_TARGET = 11.0;
				LD_RUNPATH_SEARCH_PATHS = "$(inherited) @executable_path/Frameworks";
				PRODUCT_BUNDLE_IDENTIFIER = com.daoshml.DemoCoreML;
				PRODUCT_NAME = "$(TARGET_NAME)";
				SWIFT_OBJC_BRIDGING_HEADER = "DemoCoreML/DemoCoreML-Bridging-Header.h";
				SWIFT_VERSION = 4.0;
				TARGETED_DEVICE_FAMILY = "1,2";
			};
			name = Release;
		};
/* End XCBuildConfiguration section */

/* Begin XCConfigurationList section */
		4C0DC5B6201BAF5E00F168A5 /* Build configuration list for PBXProject "DemoCoreML" */ = {
			isa = XCConfigurationList;
			buildConfigurations = (
				4C0DC5CB201BAF5E00F168A5 /* Debug */,
				4C0DC5CC201BAF5E00F168A5 /* Release */,
			);
			defaultConfigurationIsVisible = 0;
			defaultConfigurationName = Release;
		};
		4C0DC5CD201BAF5E00F168A5 /* Build configuration list for PBXNativeTarget "DemoCoreML" */ = {
			isa = XCConfigurationList;
			buildConfigurations = (
				4C0DC5CE201BAF5E00F168A5 /* Debug */,
				4C0DC5CF201BAF5E00F168A5 /* Release */,
			);
			defaultConfigurationIsVisible = 0;
			defaultConfigurationName = Release;
		};
/* End XCConfigurationList section */
	};
	rootObject = 4C0DC5B3201BAF5E00F168A5 /* Project object */;
}
